PODS:
  - MCComponent (0.1.0)
  - MCLocalComponent (0.1.0)

DEPENDENCIES:
  - MCComponent (from `https://github.com/AlexKostiev/MCComponent.git`, branch `master`)
  - MCLocalComponent (from `DevPods/MCLocalComponent`)

EXTERNAL SOURCES:
  MCComponent:
    :branch: master
    :git: https://github.com/AlexKostiev/MCComponent.git
  MCLocalComponent:
    :path: DevPods/MCLocalComponent

CHECKOUT OPTIONS:
  MCComponent:
    :commit: 22a04436e340c4783f6f46d8eb1fb8cde5b4c4c6
    :git: https://github.com/AlexKostiev/MCComponent.git

SPEC CHECKSUMS:
  MCComponent: b89a0888c537e0613ef4cc61d975a45fbfe6afc0
  MCLocalComponent: a472e208ef6ce433552ae2c5a477b1ec7822f53e

PODFILE CHECKSUM: 312a949bf8856f961e64fae760fcbe88aac1619f

COCOAPODS: 1.5.3
